// !$*UTF8*$!
{
	archiveVersion = 1;
	classes = {
	};
	objectVersion = 56;
	objects = {

/* Begin PBXBuildFile section */
		320640C82BC154A100D9566D /* HTTPMethods.swift in Sources */ = {isa = PBXBuildFile; fileRef = 320640C72BC154A100D9566D /* HTTPMethods.swift */; };
		320640CA2BC1730C00D9566D /* ImagesListCellDelegate.swift in Sources */ = {isa = PBXBuildFile; fileRef = 320640C92BC1730C00D9566D /* ImagesListCellDelegate.swift */; };
		320640CC2BC1A6B500D9566D /* ProfileLikeChangeResponse.swift in Sources */ = {isa = PBXBuildFile; fileRef = 320640CB2BC1A6B500D9566D /* ProfileLikeChangeResponse.swift */; };
		320640CE2BC1A71D00D9566D /* ProfileLogoutService.swift in Sources */ = {isa = PBXBuildFile; fileRef = 320640CD2BC1A71D00D9566D /* ProfileLogoutService.swift */; };
		320640D02BC1F08700D9566D /* ProfileLogoutServiceDelegate.swift in Sources */ = {isa = PBXBuildFile; fileRef = 320640CF2BC1F08700D9566D /* ProfileLogoutServiceDelegate.swift */; };
		320640D32BC87FB200D9566D /* AlertPresenter.swift in Sources */ = {isa = PBXBuildFile; fileRef = 320640D22BC87FB200D9566D /* AlertPresenter.swift */; };
		320640D52BC8811900D9566D /* AlertModel.swift in Sources */ = {isa = PBXBuildFile; fileRef = 320640D42BC8811900D9566D /* AlertModel.swift */; };
		320640D72BDAA21600D9566D /* WebViewPresenter.swift in Sources */ = {isa = PBXBuildFile; fileRef = 320640D62BDAA21600D9566D /* WebViewPresenter.swift */; };
		320640DA2BDAE76100D9566D /* AuthConfigurations.swift in Sources */ = {isa = PBXBuildFile; fileRef = 320640D92BDAE76100D9566D /* AuthConfigurations.swift */; };
		320640DD2BDAEE0B00D9566D /* AuthHelper.swift in Sources */ = {isa = PBXBuildFile; fileRef = 320640DC2BDAEE0B00D9566D /* AuthHelper.swift */; };
		320640E52BDB80B300D9566D /* ImageFeedTests.swift in Sources */ = {isa = PBXBuildFile; fileRef = 320640E42BDB80B300D9566D /* ImageFeedTests.swift */; };
		320640EC2BDB839A00D9566D /* WebViewPresenterSpy.swift in Sources */ = {isa = PBXBuildFile; fileRef = 320640EB2BDB839A00D9566D /* WebViewPresenterSpy.swift */; };
		320640EE2BDB870000D9566D /* WebViewViewControllerSpy.swift in Sources */ = {isa = PBXBuildFile; fileRef = 320640ED2BDB870000D9566D /* WebViewViewControllerSpy.swift */; };
		327566222B9FEF9300131155 /* NetworkClient.swift in Sources */ = {isa = PBXBuildFile; fileRef = 327566212B9FEF9300131155 /* NetworkClient.swift */; };
		327566242BA0C07400131155 /* OAuthTokenStorageService.swift in Sources */ = {isa = PBXBuildFile; fileRef = 327566232BA0C07400131155 /* OAuthTokenStorageService.swift */; };
		327566272BA0C52D00131155 /* SplashViewController.swift in Sources */ = {isa = PBXBuildFile; fileRef = 327566262BA0C52D00131155 /* SplashViewController.swift */; };
		3275662B2BA232E900131155 /* AuthViewControllerDelegate.swift in Sources */ = {isa = PBXBuildFile; fileRef = 3275662A2BA232E900131155 /* AuthViewControllerDelegate.swift */; };
		3275662F2BA7559A00131155 /* ProgressHUD in Frameworks */ = {isa = PBXBuildFile; productRef = 3275662E2BA7559A00131155 /* ProgressHUD */; };
		327566312BA9FFA400131155 /* NetworkClientDelegate.swift in Sources */ = {isa = PBXBuildFile; fileRef = 327566302BA9FFA400131155 /* NetworkClientDelegate.swift */; };
		327566332BAA2E3700131155 /* UIBlockingProgressHUD.swift in Sources */ = {isa = PBXBuildFile; fileRef = 327566322BAA2E3700131155 /* UIBlockingProgressHUD.swift */; };
		327566352BAA333000131155 /* ProfileService.swift in Sources */ = {isa = PBXBuildFile; fileRef = 327566342BAA333000131155 /* ProfileService.swift */; };
		327566372BAA33C200131155 /* ProfileResponseBody.swift in Sources */ = {isa = PBXBuildFile; fileRef = 327566362BAA33C200131155 /* ProfileResponseBody.swift */; };
		327566392BAC887500131155 /* ProfileData.swift in Sources */ = {isa = PBXBuildFile; fileRef = 327566382BAC887500131155 /* ProfileData.swift */; };
		3275663B2BAE26E200131155 /* ProfileImageService.swift in Sources */ = {isa = PBXBuildFile; fileRef = 3275663A2BAE26E200131155 /* ProfileImageService.swift */; };
		3275663D2BAE277100131155 /* ProfileImageURL.swift in Sources */ = {isa = PBXBuildFile; fileRef = 3275663C2BAE277100131155 /* ProfileImageURL.swift */; };
		327566402BB0CAD300131155 /* Kingfisher in Frameworks */ = {isa = PBXBuildFile; productRef = 3275663F2BB0CAD300131155 /* Kingfisher */; };
		327566432BB2CC1800131155 /* SwiftKeychainWrapper in Frameworks */ = {isa = PBXBuildFile; productRef = 327566422BB2CC1800131155 /* SwiftKeychainWrapper */; };
		327566462BB7568C00131155 /* TabBarController.swift in Sources */ = {isa = PBXBuildFile; fileRef = 327566452BB7568C00131155 /* TabBarController.swift */; };
		328F17122B90E42700346011 /* WebConstants.swift in Sources */ = {isa = PBXBuildFile; fileRef = 328F17112B90E42700346011 /* WebConstants.swift */; };
		328F17192B93D37C00346011 /* AuthViewController.swift in Sources */ = {isa = PBXBuildFile; fileRef = 328F17182B93D37C00346011 /* AuthViewController.swift */; };
		328F171B2B93D8D200346011 /* WebViewViewController.swift in Sources */ = {isa = PBXBuildFile; fileRef = 328F171A2B93D8D200346011 /* WebViewViewController.swift */; };
		328F171D2B93E96100346011 /* WebViewViewControllerDelegate.swift in Sources */ = {isa = PBXBuildFile; fileRef = 328F171C2B93E96100346011 /* WebViewViewControllerDelegate.swift */; };
		328F17202B97A02700346011 /* OAuth2Service.swift in Sources */ = {isa = PBXBuildFile; fileRef = 328F171F2B97A02700346011 /* OAuth2Service.swift */; };
		328F17252B97C17700346011 /* OAuthTokenResponseBody.swift in Sources */ = {isa = PBXBuildFile; fileRef = 328F17242B97C17700346011 /* OAuthTokenResponseBody.swift */; };
		3294D94F2B7FA88500776155 /* ProfileViewController.swift in Sources */ = {isa = PBXBuildFile; fileRef = 3294D94E2B7FA88500776155 /* ProfileViewController.swift */; };
		3294D9532B7FAF7B00776155 /* ProfileExitButton.swift in Sources */ = {isa = PBXBuildFile; fileRef = 3294D9522B7FAF7B00776155 /* ProfileExitButton.swift */; };
		3294D9562B80D52E00776155 /* SingleImageViewController.swift in Sources */ = {isa = PBXBuildFile; fileRef = 3294D9552B80D52E00776155 /* SingleImageViewController.swift */; };
		3294D9582B814EEC00776155 /* BackwardButton.swift in Sources */ = {isa = PBXBuildFile; fileRef = 3294D9572B814EEC00776155 /* BackwardButton.swift */; };
		32CAB9722B6BFB76001ADBA6 /* AppDelegate.swift in Sources */ = {isa = PBXBuildFile; fileRef = 32CAB9712B6BFB76001ADBA6 /* AppDelegate.swift */; };
		32CAB9742B6BFB76001ADBA6 /* SceneDelegate.swift in Sources */ = {isa = PBXBuildFile; fileRef = 32CAB9732B6BFB76001ADBA6 /* SceneDelegate.swift */; };
		32CAB9762B6BFB76001ADBA6 /* ImagesListViewController.swift in Sources */ = {isa = PBXBuildFile; fileRef = 32CAB9752B6BFB76001ADBA6 /* ImagesListViewController.swift */; };
		32CAB9792B6BFB76001ADBA6 /* Main.storyboard in Resources */ = {isa = PBXBuildFile; fileRef = 32CAB9772B6BFB76001ADBA6 /* Main.storyboard */; };
		32CAB97B2B6BFB85001ADBA6 /* Assets.xcassets in Resources */ = {isa = PBXBuildFile; fileRef = 32CAB97A2B6BFB85001ADBA6 /* Assets.xcassets */; };
		32CAB97E2B6BFB85001ADBA6 /* LaunchScreen.storyboard in Resources */ = {isa = PBXBuildFile; fileRef = 32CAB97C2B6BFB85001ADBA6 /* LaunchScreen.storyboard */; };
		32CAB9A62B6D98A2001ADBA6 /* ImagesListCell.swift in Sources */ = {isa = PBXBuildFile; fileRef = 32CAB9A52B6D98A2001ADBA6 /* ImagesListCell.swift */; };
		32CAB9AA2B6E72E3001ADBA6 /* GradientView.swift in Sources */ = {isa = PBXBuildFile; fileRef = 32CAB9A92B6E72E3001ADBA6 /* GradientView.swift */; };
		32F3DA752BBC50D500C0754E /* ImagesListService.swift in Sources */ = {isa = PBXBuildFile; fileRef = 32F3DA742BBC50D400C0754E /* ImagesListService.swift */; };
		32F3DA772BBC8F8D00C0754E /* Photo.swift in Sources */ = {isa = PBXBuildFile; fileRef = 32F3DA762BBC8F8D00C0754E /* Photo.swift */; };
		32F3DA7B2BBC988C00C0754E /* PhotoListResponseBody.swift in Sources */ = {isa = PBXBuildFile; fileRef = 32F3DA7A2BBC988C00C0754E /* PhotoListResponseBody.swift */; };
/* End PBXBuildFile section */

/* Begin PBXContainerItemProxy section */
		320640E62BDB80B300D9566D /* PBXContainerItemProxy */ = {
			isa = PBXContainerItemProxy;
			containerPortal = 32CAB9662B6BFB76001ADBA6 /* Project object */;
			proxyType = 1;
			remoteGlobalIDString = 32CAB96D2B6BFB76001ADBA6;
			remoteInfo = ImageFeed;
		};
/* End PBXContainerItemProxy section */

/* Begin PBXFileReference section */
		320640C72BC154A100D9566D /* HTTPMethods.swift */ = {isa = PBXFileReference; lastKnownFileType = sourcecode.swift; path = HTTPMethods.swift; sourceTree = "<group>"; };
		320640C92BC1730C00D9566D /* ImagesListCellDelegate.swift */ = {isa = PBXFileReference; lastKnownFileType = sourcecode.swift; path = ImagesListCellDelegate.swift; sourceTree = "<group>"; };
		320640CB2BC1A6B500D9566D /* ProfileLikeChangeResponse.swift */ = {isa = PBXFileReference; lastKnownFileType = sourcecode.swift; path = ProfileLikeChangeResponse.swift; sourceTree = "<group>"; };
		320640CD2BC1A71D00D9566D /* ProfileLogoutService.swift */ = {isa = PBXFileReference; lastKnownFileType = sourcecode.swift; path = ProfileLogoutService.swift; sourceTree = "<group>"; };
		320640CF2BC1F08700D9566D /* ProfileLogoutServiceDelegate.swift */ = {isa = PBXFileReference; lastKnownFileType = sourcecode.swift; path = ProfileLogoutServiceDelegate.swift; sourceTree = "<group>"; };
		320640D22BC87FB200D9566D /* AlertPresenter.swift */ = {isa = PBXFileReference; lastKnownFileType = sourcecode.swift; path = AlertPresenter.swift; sourceTree = "<group>"; };
		320640D42BC8811900D9566D /* AlertModel.swift */ = {isa = PBXFileReference; lastKnownFileType = sourcecode.swift; path = AlertModel.swift; sourceTree = "<group>"; };
		320640D62BDAA21600D9566D /* WebViewPresenter.swift */ = {isa = PBXFileReference; lastKnownFileType = sourcecode.swift; path = WebViewPresenter.swift; sourceTree = "<group>"; };
		320640D92BDAE76100D9566D /* AuthConfigurations.swift */ = {isa = PBXFileReference; lastKnownFileType = sourcecode.swift; path = AuthConfigurations.swift; sourceTree = "<group>"; };
		320640DC2BDAEE0B00D9566D /* AuthHelper.swift */ = {isa = PBXFileReference; lastKnownFileType = sourcecode.swift; path = AuthHelper.swift; sourceTree = "<group>"; };
		320640E22BDB80B300D9566D /* ImageFeedTests.xctest */ = {isa = PBXFileReference; explicitFileType = wrapper.cfbundle; includeInIndex = 0; path = ImageFeedTests.xctest; sourceTree = BUILT_PRODUCTS_DIR; };
		320640E42BDB80B300D9566D /* ImageFeedTests.swift */ = {isa = PBXFileReference; lastKnownFileType = sourcecode.swift; path = ImageFeedTests.swift; sourceTree = "<group>"; };
		320640EB2BDB839A00D9566D /* WebViewPresenterSpy.swift */ = {isa = PBXFileReference; lastKnownFileType = sourcecode.swift; path = WebViewPresenterSpy.swift; sourceTree = "<group>"; };
		320640ED2BDB870000D9566D /* WebViewViewControllerSpy.swift */ = {isa = PBXFileReference; lastKnownFileType = sourcecode.swift; path = WebViewViewControllerSpy.swift; sourceTree = "<group>"; };
		327566212B9FEF9300131155 /* NetworkClient.swift */ = {isa = PBXFileReference; lastKnownFileType = sourcecode.swift; path = NetworkClient.swift; sourceTree = "<group>"; };
		327566232BA0C07400131155 /* OAuthTokenStorageService.swift */ = {isa = PBXFileReference; lastKnownFileType = sourcecode.swift; path = OAuthTokenStorageService.swift; sourceTree = "<group>"; };
		327566262BA0C52D00131155 /* SplashViewController.swift */ = {isa = PBXFileReference; lastKnownFileType = sourcecode.swift; path = SplashViewController.swift; sourceTree = "<group>"; };
		3275662A2BA232E900131155 /* AuthViewControllerDelegate.swift */ = {isa = PBXFileReference; lastKnownFileType = sourcecode.swift; path = AuthViewControllerDelegate.swift; sourceTree = "<group>"; };
		327566302BA9FFA400131155 /* NetworkClientDelegate.swift */ = {isa = PBXFileReference; lastKnownFileType = sourcecode.swift; path = NetworkClientDelegate.swift; sourceTree = "<group>"; };
		327566322BAA2E3700131155 /* UIBlockingProgressHUD.swift */ = {isa = PBXFileReference; lastKnownFileType = sourcecode.swift; path = UIBlockingProgressHUD.swift; sourceTree = "<group>"; };
		327566342BAA333000131155 /* ProfileService.swift */ = {isa = PBXFileReference; lastKnownFileType = sourcecode.swift; path = ProfileService.swift; sourceTree = "<group>"; };
		327566362BAA33C200131155 /* ProfileResponseBody.swift */ = {isa = PBXFileReference; lastKnownFileType = sourcecode.swift; path = ProfileResponseBody.swift; sourceTree = "<group>"; };
		327566382BAC887500131155 /* ProfileData.swift */ = {isa = PBXFileReference; lastKnownFileType = sourcecode.swift; path = ProfileData.swift; sourceTree = "<group>"; };
		3275663A2BAE26E200131155 /* ProfileImageService.swift */ = {isa = PBXFileReference; lastKnownFileType = sourcecode.swift; path = ProfileImageService.swift; sourceTree = "<group>"; };
		3275663C2BAE277100131155 /* ProfileImageURL.swift */ = {isa = PBXFileReference; lastKnownFileType = sourcecode.swift; path = ProfileImageURL.swift; sourceTree = "<group>"; };
		327566452BB7568C00131155 /* TabBarController.swift */ = {isa = PBXFileReference; lastKnownFileType = sourcecode.swift; path = TabBarController.swift; sourceTree = "<group>"; };
		328F17112B90E42700346011 /* WebConstants.swift */ = {isa = PBXFileReference; lastKnownFileType = sourcecode.swift; path = WebConstants.swift; sourceTree = "<group>"; };
		328F17182B93D37C00346011 /* AuthViewController.swift */ = {isa = PBXFileReference; lastKnownFileType = sourcecode.swift; path = AuthViewController.swift; sourceTree = "<group>"; };
		328F171A2B93D8D200346011 /* WebViewViewController.swift */ = {isa = PBXFileReference; lastKnownFileType = sourcecode.swift; path = WebViewViewController.swift; sourceTree = "<group>"; };
		328F171C2B93E96100346011 /* WebViewViewControllerDelegate.swift */ = {isa = PBXFileReference; lastKnownFileType = sourcecode.swift; path = WebViewViewControllerDelegate.swift; sourceTree = "<group>"; };
		328F171F2B97A02700346011 /* OAuth2Service.swift */ = {isa = PBXFileReference; lastKnownFileType = sourcecode.swift; path = OAuth2Service.swift; sourceTree = "<group>"; };
		328F17242B97C17700346011 /* OAuthTokenResponseBody.swift */ = {isa = PBXFileReference; lastKnownFileType = sourcecode.swift; path = OAuthTokenResponseBody.swift; sourceTree = "<group>"; };
		3294D94E2B7FA88500776155 /* ProfileViewController.swift */ = {isa = PBXFileReference; lastKnownFileType = sourcecode.swift; path = ProfileViewController.swift; sourceTree = "<group>"; };
		3294D9522B7FAF7B00776155 /* ProfileExitButton.swift */ = {isa = PBXFileReference; lastKnownFileType = sourcecode.swift; path = ProfileExitButton.swift; sourceTree = "<group>"; };
		3294D9552B80D52E00776155 /* SingleImageViewController.swift */ = {isa = PBXFileReference; lastKnownFileType = sourcecode.swift; path = SingleImageViewController.swift; sourceTree = "<group>"; };
		3294D9572B814EEC00776155 /* BackwardButton.swift */ = {isa = PBXFileReference; lastKnownFileType = sourcecode.swift; path = BackwardButton.swift; sourceTree = "<group>"; };
		32CAB96E2B6BFB76001ADBA6 /* ImageFeed.app */ = {isa = PBXFileReference; explicitFileType = wrapper.application; includeInIndex = 0; path = ImageFeed.app; sourceTree = BUILT_PRODUCTS_DIR; };
		32CAB9712B6BFB76001ADBA6 /* AppDelegate.swift */ = {isa = PBXFileReference; lastKnownFileType = sourcecode.swift; path = AppDelegate.swift; sourceTree = "<group>"; };
		32CAB9732B6BFB76001ADBA6 /* SceneDelegate.swift */ = {isa = PBXFileReference; lastKnownFileType = sourcecode.swift; path = SceneDelegate.swift; sourceTree = "<group>"; };
		32CAB9752B6BFB76001ADBA6 /* ImagesListViewController.swift */ = {isa = PBXFileReference; lastKnownFileType = sourcecode.swift; path = ImagesListViewController.swift; sourceTree = "<group>"; };
		32CAB9782B6BFB76001ADBA6 /* Base */ = {isa = PBXFileReference; lastKnownFileType = file.storyboard; name = Base; path = Base.lproj/Main.storyboard; sourceTree = "<group>"; };
		32CAB97A2B6BFB85001ADBA6 /* Assets.xcassets */ = {isa = PBXFileReference; lastKnownFileType = folder.assetcatalog; path = Assets.xcassets; sourceTree = "<group>"; };
		32CAB97D2B6BFB85001ADBA6 /* Base */ = {isa = PBXFileReference; lastKnownFileType = file.storyboard; name = Base; path = Base.lproj/LaunchScreen.storyboard; sourceTree = "<group>"; };
		32CAB97F2B6BFB85001ADBA6 /* Info.plist */ = {isa = PBXFileReference; lastKnownFileType = text.plist.xml; path = Info.plist; sourceTree = "<group>"; };
		32CAB9A52B6D98A2001ADBA6 /* ImagesListCell.swift */ = {isa = PBXFileReference; lastKnownFileType = sourcecode.swift; path = ImagesListCell.swift; sourceTree = "<group>"; };
		32CAB9A92B6E72E3001ADBA6 /* GradientView.swift */ = {isa = PBXFileReference; lastKnownFileType = sourcecode.swift; path = GradientView.swift; sourceTree = "<group>"; };
		32F3DA742BBC50D400C0754E /* ImagesListService.swift */ = {isa = PBXFileReference; lastKnownFileType = sourcecode.swift; path = ImagesListService.swift; sourceTree = "<group>"; };
		32F3DA762BBC8F8D00C0754E /* Photo.swift */ = {isa = PBXFileReference; lastKnownFileType = sourcecode.swift; path = Photo.swift; sourceTree = "<group>"; };
		32F3DA7A2BBC988C00C0754E /* PhotoListResponseBody.swift */ = {isa = PBXFileReference; lastKnownFileType = sourcecode.swift; path = PhotoListResponseBody.swift; sourceTree = "<group>"; };
/* End PBXFileReference section */

/* Begin PBXFrameworksBuildPhase section */
		320640DF2BDB80B300D9566D /* Frameworks */ = {
			isa = PBXFrameworksBuildPhase;
			buildActionMask = 2147483647;
			files = (
			);
			runOnlyForDeploymentPostprocessing = 0;
		};
		32CAB96B2B6BFB76001ADBA6 /* Frameworks */ = {
			isa = PBXFrameworksBuildPhase;
			buildActionMask = 2147483647;
			files = (
				327566402BB0CAD300131155 /* Kingfisher in Frameworks */,
				3275662F2BA7559A00131155 /* ProgressHUD in Frameworks */,
				327566432BB2CC1800131155 /* SwiftKeychainWrapper in Frameworks */,
			);
			runOnlyForDeploymentPostprocessing = 0;
		};
/* End PBXFrameworksBuildPhase section */

/* Begin PBXGroup section */
		320640D12BC87DDA00D9566D /* NetworkServices */ = {
			isa = PBXGroup;
			children = (
				327566212B9FEF9300131155 /* NetworkClient.swift */,
				328F171F2B97A02700346011 /* OAuth2Service.swift */,
				327566342BAA333000131155 /* ProfileService.swift */,
				3275663A2BAE26E200131155 /* ProfileImageService.swift */,
				32F3DA742BBC50D400C0754E /* ImagesListService.swift */,
				327566302BA9FFA400131155 /* NetworkClientDelegate.swift */,
			);
			path = NetworkServices;
			sourceTree = "<group>";
		};
		320640DB2BDAE93000D9566D /* AuthConfiguration */ = {
			isa = PBXGroup;
			children = (
				320640D92BDAE76100D9566D /* AuthConfigurations.swift */,
			);
			path = AuthConfiguration;
			sourceTree = "<group>";
		};
		320640E32BDB80B300D9566D /* ImageFeedTests */ = {
			isa = PBXGroup;
			children = (
				320640E42BDB80B300D9566D /* ImageFeedTests.swift */,
				320640EB2BDB839A00D9566D /* WebViewPresenterSpy.swift */,
				320640ED2BDB870000D9566D /* WebViewViewControllerSpy.swift */,
			);
			path = ImageFeedTests;
			sourceTree = "<group>";
		};
		327566252BA0C50A00131155 /* SplashScreen */ = {
			isa = PBXGroup;
			children = (
				327566262BA0C52D00131155 /* SplashViewController.swift */,
			);
			path = SplashScreen;
			sourceTree = "<group>";
		};
		3275662C2BA2448500131155 /* Namespaces */ = {
			isa = PBXGroup;
			children = (
				328F17112B90E42700346011 /* WebConstants.swift */,
				320640C72BC154A100D9566D /* HTTPMethods.swift */,
			);
			path = Namespaces;
			sourceTree = "<group>";
		};
		327566442BB7564F00131155 /* TabBar */ = {
			isa = PBXGroup;
			children = (
				327566452BB7568C00131155 /* TabBarController.swift */,
			);
			path = TabBar;
			sourceTree = "<group>";
		};
		328F17172B93D35400346011 /* Auth */ = {
			isa = PBXGroup;
			children = (
				328F17182B93D37C00346011 /* AuthViewController.swift */,
				328F171A2B93D8D200346011 /* WebViewViewController.swift */,
				320640D62BDAA21600D9566D /* WebViewPresenter.swift */,
				320640DC2BDAEE0B00D9566D /* AuthHelper.swift */,
				3275662A2BA232E900131155 /* AuthViewControllerDelegate.swift */,
				328F171C2B93E96100346011 /* WebViewViewControllerDelegate.swift */,
			);
			path = Auth;
			sourceTree = "<group>";
		};
		328F171E2B97A01400346011 /* Services */ = {
			isa = PBXGroup;
			children = (
				320640D12BC87DDA00D9566D /* NetworkServices */,
				327566232BA0C07400131155 /* OAuthTokenStorageService.swift */,
				327566322BAA2E3700131155 /* UIBlockingProgressHUD.swift */,
				320640CD2BC1A71D00D9566D /* ProfileLogoutService.swift */,
				320640CF2BC1F08700D9566D /* ProfileLogoutServiceDelegate.swift */,
				320640D22BC87FB200D9566D /* AlertPresenter.swift */,
			);
			path = Services;
			sourceTree = "<group>";
		};
		328F17232B97C15E00346011 /* Models */ = {
			isa = PBXGroup;
			children = (
				32F3DA792BBC982800C0754E /* ModelsUI */,
				32F3DA782BBC97E300C0754E /* ResponseBodies */,
				320640DB2BDAE93000D9566D /* AuthConfiguration */,
			);
			path = Models;
			sourceTree = "<group>";
		};
		3294D9512B7FAF4800776155 /* ProfileScreen */ = {
			isa = PBXGroup;
			children = (
				3294D94E2B7FA88500776155 /* ProfileViewController.swift */,
				3294D9522B7FAF7B00776155 /* ProfileExitButton.swift */,
			);
			path = ProfileScreen;
			sourceTree = "<group>";
		};
		3294D9542B80D50E00776155 /* SingleImageScreen */ = {
			isa = PBXGroup;
			children = (
				3294D9552B80D52E00776155 /* SingleImageViewController.swift */,
				3294D9572B814EEC00776155 /* BackwardButton.swift */,
			);
			path = SingleImageScreen;
			sourceTree = "<group>";
		};
		32CAB9652B6BFB76001ADBA6 = {
			isa = PBXGroup;
			children = (
				32CAB9702B6BFB76001ADBA6 /* ImageFeed */,
				320640E32BDB80B300D9566D /* ImageFeedTests */,
				32CAB96F2B6BFB76001ADBA6 /* Products */,
			);
			sourceTree = "<group>";
		};
		32CAB96F2B6BFB76001ADBA6 /* Products */ = {
			isa = PBXGroup;
			children = (
				32CAB96E2B6BFB76001ADBA6 /* ImageFeed.app */,
				320640E22BDB80B300D9566D /* ImageFeedTests.xctest */,
			);
			name = Products;
			sourceTree = "<group>";
		};
		32CAB9702B6BFB76001ADBA6 /* ImageFeed */ = {
			isa = PBXGroup;
			children = (
				32CAB9712B6BFB76001ADBA6 /* AppDelegate.swift */,
				32CAB9732B6BFB76001ADBA6 /* SceneDelegate.swift */,
				3275662C2BA2448500131155 /* Namespaces */,
				328F17232B97C15E00346011 /* Models */,
				328F171E2B97A01400346011 /* Services */,
				327566252BA0C50A00131155 /* SplashScreen */,
				327566442BB7564F00131155 /* TabBar */,
				32CAB9A72B6D98E7001ADBA6 /* ImagesList */,
				3294D9512B7FAF4800776155 /* ProfileScreen */,
				3294D9542B80D50E00776155 /* SingleImageScreen */,
				328F17172B93D35400346011 /* Auth */,
				32CAB9772B6BFB76001ADBA6 /* Main.storyboard */,
				32CAB9A82B6E71EA001ADBA6 /* Resources */,
				32CAB97C2B6BFB85001ADBA6 /* LaunchScreen.storyboard */,
				32CAB97F2B6BFB85001ADBA6 /* Info.plist */,
			);
			path = ImageFeed;
			sourceTree = "<group>";
		};
		32CAB9A72B6D98E7001ADBA6 /* ImagesList */ = {
			isa = PBXGroup;
			children = (
				32CAB9A52B6D98A2001ADBA6 /* ImagesListCell.swift */,
				32CAB9752B6BFB76001ADBA6 /* ImagesListViewController.swift */,
				32CAB9A92B6E72E3001ADBA6 /* GradientView.swift */,
				320640C92BC1730C00D9566D /* ImagesListCellDelegate.swift */,
			);
			path = ImagesList;
			sourceTree = "<group>";
		};
		32CAB9A82B6E71EA001ADBA6 /* Resources */ = {
			isa = PBXGroup;
			children = (
				32CAB97A2B6BFB85001ADBA6 /* Assets.xcassets */,
			);
			path = Resources;
			sourceTree = "<group>";
		};
		32F3DA782BBC97E300C0754E /* ResponseBodies */ = {
			isa = PBXGroup;
			children = (
				328F17242B97C17700346011 /* OAuthTokenResponseBody.swift */,
				327566362BAA33C200131155 /* ProfileResponseBody.swift */,
				3275663C2BAE277100131155 /* ProfileImageURL.swift */,
				32F3DA7A2BBC988C00C0754E /* PhotoListResponseBody.swift */,
				320640CB2BC1A6B500D9566D /* ProfileLikeChangeResponse.swift */,
			);
			path = ResponseBodies;
			sourceTree = "<group>";
		};
		32F3DA792BBC982800C0754E /* ModelsUI */ = {
			isa = PBXGroup;
			children = (
				327566382BAC887500131155 /* ProfileData.swift */,
				32F3DA762BBC8F8D00C0754E /* Photo.swift */,
				320640D42BC8811900D9566D /* AlertModel.swift */,
			);
			path = ModelsUI;
			sourceTree = "<group>";
		};
/* End PBXGroup section */

/* Begin PBXNativeTarget section */
		320640E12BDB80B300D9566D /* ImageFeedTests */ = {
			isa = PBXNativeTarget;
			buildConfigurationList = 320640E82BDB80B300D9566D /* Build configuration list for PBXNativeTarget "ImageFeedTests" */;
			buildPhases = (
				320640DE2BDB80B300D9566D /* Sources */,
				320640DF2BDB80B300D9566D /* Frameworks */,
				320640E02BDB80B300D9566D /* Resources */,
			);
			buildRules = (
			);
			dependencies = (
				320640E72BDB80B300D9566D /* PBXTargetDependency */,
			);
			name = ImageFeedTests;
			productName = ImageFeedTests;
			productReference = 320640E22BDB80B300D9566D /* ImageFeedTests.xctest */;
			productType = "com.apple.product-type.bundle.unit-test";
		};
		32CAB96D2B6BFB76001ADBA6 /* ImageFeed */ = {
			isa = PBXNativeTarget;
			buildConfigurationList = 32CAB9822B6BFB85001ADBA6 /* Build configuration list for PBXNativeTarget "ImageFeed" */;
			buildPhases = (
				32CAB96A2B6BFB76001ADBA6 /* Sources */,
				32CAB96B2B6BFB76001ADBA6 /* Frameworks */,
				32CAB96C2B6BFB76001ADBA6 /* Resources */,
			);
			buildRules = (
			);
			dependencies = (
			);
			name = ImageFeed;
			packageProductDependencies = (
				3275662E2BA7559A00131155 /* ProgressHUD */,
				3275663F2BB0CAD300131155 /* Kingfisher */,
				327566422BB2CC1800131155 /* SwiftKeychainWrapper */,
			);
			productName = ImageFeed;
			productReference = 32CAB96E2B6BFB76001ADBA6 /* ImageFeed.app */;
			productType = "com.apple.product-type.application";
		};
/* End PBXNativeTarget section */

/* Begin PBXProject section */
		32CAB9662B6BFB76001ADBA6 /* Project object */ = {
			isa = PBXProject;
			attributes = {
				BuildIndependentTargetsInParallel = 1;
				LastSwiftUpdateCheck = 1530;
				LastUpgradeCheck = 1520;
				TargetAttributes = {
					320640E12BDB80B300D9566D = {
						CreatedOnToolsVersion = 15.3;
						TestTargetID = 32CAB96D2B6BFB76001ADBA6;
					};
					32CAB96D2B6BFB76001ADBA6 = {
						CreatedOnToolsVersion = 15.2;
					};
				};
			};
			buildConfigurationList = 32CAB9692B6BFB76001ADBA6 /* Build configuration list for PBXProject "ImageFeed" */;
			compatibilityVersion = "Xcode 14.0";
			developmentRegion = en;
			hasScannedForEncodings = 0;
			knownRegions = (
				en,
				Base,
			);
			mainGroup = 32CAB9652B6BFB76001ADBA6;
			packageReferences = (
				3275662D2BA7559A00131155 /* XCRemoteSwiftPackageReference "ProgressHUD" */,
				3275663E2BB0CAD300131155 /* XCRemoteSwiftPackageReference "Kingfisher" */,
				327566412BB2CC1800131155 /* XCRemoteSwiftPackageReference "SwiftKeychainWrapper" */,
			);
			productRefGroup = 32CAB96F2B6BFB76001ADBA6 /* Products */;
			projectDirPath = "";
			projectRoot = "";
			targets = (
				32CAB96D2B6BFB76001ADBA6 /* ImageFeed */,
				320640E12BDB80B300D9566D /* ImageFeedTests */,
			);
		};
/* End PBXProject section */

/* Begin PBXResourcesBuildPhase section */
		320640E02BDB80B300D9566D /* Resources */ = {
			isa = PBXResourcesBuildPhase;
			buildActionMask = 2147483647;
			files = (
			);
			runOnlyForDeploymentPostprocessing = 0;
		};
		32CAB96C2B6BFB76001ADBA6 /* Resources */ = {
			isa = PBXResourcesBuildPhase;
			buildActionMask = 2147483647;
			files = (
				32CAB97E2B6BFB85001ADBA6 /* LaunchScreen.storyboard in Resources */,
				32CAB97B2B6BFB85001ADBA6 /* Assets.xcassets in Resources */,
				32CAB9792B6BFB76001ADBA6 /* Main.storyboard in Resources */,
			);
			runOnlyForDeploymentPostprocessing = 0;
		};
/* End PBXResourcesBuildPhase section */

/* Begin PBXSourcesBuildPhase section */
		320640DE2BDB80B300D9566D /* Sources */ = {
			isa = PBXSourcesBuildPhase;
			buildActionMask = 2147483647;
			files = (
				320640E52BDB80B300D9566D /* ImageFeedTests.swift in Sources */,
				320640EE2BDB870000D9566D /* WebViewViewControllerSpy.swift in Sources */,
				320640EC2BDB839A00D9566D /* WebViewPresenterSpy.swift in Sources */,
			);
			runOnlyForDeploymentPostprocessing = 0;
		};
		32CAB96A2B6BFB76001ADBA6 /* Sources */ = {
			isa = PBXSourcesBuildPhase;
			buildActionMask = 2147483647;
			files = (
				328F17192B93D37C00346011 /* AuthViewController.swift in Sources */,
				32F3DA7B2BBC988C00C0754E /* PhotoListResponseBody.swift in Sources */,
				320640D02BC1F08700D9566D /* ProfileLogoutServiceDelegate.swift in Sources */,
				320640D52BC8811900D9566D /* AlertModel.swift in Sources */,
				3294D94F2B7FA88500776155 /* ProfileViewController.swift in Sources */,
				32CAB9762B6BFB76001ADBA6 /* ImagesListViewController.swift in Sources */,
				320640CA2BC1730C00D9566D /* ImagesListCellDelegate.swift in Sources */,
				327566462BB7568C00131155 /* TabBarController.swift in Sources */,
				3275663D2BAE277100131155 /* ProfileImageURL.swift in Sources */,
				327566272BA0C52D00131155 /* SplashViewController.swift in Sources */,
				32CAB9A62B6D98A2001ADBA6 /* ImagesListCell.swift in Sources */,
				32CAB9AA2B6E72E3001ADBA6 /* GradientView.swift in Sources */,
				327566372BAA33C200131155 /* ProfileResponseBody.swift in Sources */,
				3275663B2BAE26E200131155 /* ProfileImageService.swift in Sources */,
				32CAB9722B6BFB76001ADBA6 /* AppDelegate.swift in Sources */,
				328F17252B97C17700346011 /* OAuthTokenResponseBody.swift in Sources */,
				32F3DA752BBC50D500C0754E /* ImagesListService.swift in Sources */,
				328F17202B97A02700346011 /* OAuth2Service.swift in Sources */,
				327566222B9FEF9300131155 /* NetworkClient.swift in Sources */,
				327566242BA0C07400131155 /* OAuthTokenStorageService.swift in Sources */,
				328F17122B90E42700346011 /* WebConstants.swift in Sources */,
				320640CC2BC1A6B500D9566D /* ProfileLikeChangeResponse.swift in Sources */,
				320640DA2BDAE76100D9566D /* AuthConfigurations.swift in Sources */,
				3294D9532B7FAF7B00776155 /* ProfileExitButton.swift in Sources */,
				328F171D2B93E96100346011 /* WebViewViewControllerDelegate.swift in Sources */,
				320640D32BC87FB200D9566D /* AlertPresenter.swift in Sources */,
				3294D9562B80D52E00776155 /* SingleImageViewController.swift in Sources */,
				3294D9582B814EEC00776155 /* BackwardButton.swift in Sources */,
				3275662B2BA232E900131155 /* AuthViewControllerDelegate.swift in Sources */,
				320640D72BDAA21600D9566D /* WebViewPresenter.swift in Sources */,
				328F171B2B93D8D200346011 /* WebViewViewController.swift in Sources */,
				327566312BA9FFA400131155 /* NetworkClientDelegate.swift in Sources */,
				320640CE2BC1A71D00D9566D /* ProfileLogoutService.swift in Sources */,
				320640C82BC154A100D9566D /* HTTPMethods.swift in Sources */,
				32CAB9742B6BFB76001ADBA6 /* SceneDelegate.swift in Sources */,
				327566332BAA2E3700131155 /* UIBlockingProgressHUD.swift in Sources */,
				327566352BAA333000131155 /* ProfileService.swift in Sources */,
				320640DD2BDAEE0B00D9566D /* AuthHelper.swift in Sources */,
				327566392BAC887500131155 /* ProfileData.swift in Sources */,
				32F3DA772BBC8F8D00C0754E /* Photo.swift in Sources */,
			);
			runOnlyForDeploymentPostprocessing = 0;
		};
/* End PBXSourcesBuildPhase section */

/* Begin PBXTargetDependency section */
		320640E72BDB80B300D9566D /* PBXTargetDependency */ = {
			isa = PBXTargetDependency;
			target = 32CAB96D2B6BFB76001ADBA6 /* ImageFeed */;
			targetProxy = 320640E62BDB80B300D9566D /* PBXContainerItemProxy */;
		};
/* End PBXTargetDependency section */

/* Begin PBXVariantGroup section */
		32CAB9772B6BFB76001ADBA6 /* Main.storyboard */ = {
			isa = PBXVariantGroup;
			children = (
				32CAB9782B6BFB76001ADBA6 /* Base */,
			);
			name = Main.storyboard;
			sourceTree = "<group>";
		};
		32CAB97C2B6BFB85001ADBA6 /* LaunchScreen.storyboard */ = {
			isa = PBXVariantGroup;
			children = (
				32CAB97D2B6BFB85001ADBA6 /* Base */,
			);
			name = LaunchScreen.storyboard;
			sourceTree = "<group>";
		};
/* End PBXVariantGroup section */

/* Begin XCBuildConfiguration section */
		320640E92BDB80B300D9566D /* Debug */ = {
			isa = XCBuildConfiguration;
			buildSettings = {
				BUNDLE_LOADER = "$(TEST_HOST)";
				CODE_SIGN_STYLE = Automatic;
				CURRENT_PROJECT_VERSION = 1;
				DEVELOPMENT_TEAM = D78D5HC457;
				GENERATE_INFOPLIST_FILE = YES;
				IPHONEOS_DEPLOYMENT_TARGET = 13.0;
				MARKETING_VERSION = 1.0;
				PRODUCT_BUNDLE_IDENTIFIER = Menshikov.Dmitriy.ImageFeedTests;
				PRODUCT_NAME = "$(TARGET_NAME)";
				SWIFT_EMIT_LOC_STRINGS = NO;
				SWIFT_VERSION = 5.0;
				TARGETED_DEVICE_FAMILY = "1,2";
				TEST_HOST = "$(BUILT_PRODUCTS_DIR)/ImageFeed.app/$(BUNDLE_EXECUTABLE_FOLDER_PATH)/ImageFeed";
			};
			name = Debug;
		};
		320640EA2BDB80B300D9566D /* Release */ = {
			isa = XCBuildConfiguration;
			buildSettings = {
				BUNDLE_LOADER = "$(TEST_HOST)";
				CODE_SIGN_STYLE = Automatic;
				CURRENT_PROJECT_VERSION = 1;
				DEVELOPMENT_TEAM = D78D5HC457;
				GENERATE_INFOPLIST_FILE = YES;
				IPHONEOS_DEPLOYMENT_TARGET = 13.0;
				MARKETING_VERSION = 1.0;
				PRODUCT_BUNDLE_IDENTIFIER = Menshikov.Dmitriy.ImageFeedTests;
				PRODUCT_NAME = "$(TARGET_NAME)";
				SWIFT_EMIT_LOC_STRINGS = NO;
				SWIFT_VERSION = 5.0;
				TARGETED_DEVICE_FAMILY = "1,2";
				TEST_HOST = "$(BUILT_PRODUCTS_DIR)/ImageFeed.app/$(BUNDLE_EXECUTABLE_FOLDER_PATH)/ImageFeed";
			};
			name = Release;
		};
		32CAB9802B6BFB85001ADBA6 /* Debug */ = {
			isa = XCBuildConfiguration;
			buildSettings = {
				ALWAYS_SEARCH_USER_PATHS = NO;
				ASSETCATALOG_COMPILER_GENERATE_SWIFT_ASSET_SYMBOL_EXTENSIONS = YES;
				CLANG_ANALYZER_NONNULL = YES;
				CLANG_ANALYZER_NUMBER_OBJECT_CONVERSION = YES_AGGRESSIVE;
				CLANG_CXX_LANGUAGE_STANDARD = "gnu++20";
				CLANG_ENABLE_MODULES = YES;
				CLANG_ENABLE_OBJC_ARC = YES;
				CLANG_ENABLE_OBJC_WEAK = YES;
				CLANG_WARN_BLOCK_CAPTURE_AUTORELEASING = YES;
				CLANG_WARN_BOOL_CONVERSION = YES;
				CLANG_WARN_COMMA = YES;
				CLANG_WARN_CONSTANT_CONVERSION = YES;
				CLANG_WARN_DEPRECATED_OBJC_IMPLEMENTATIONS = YES;
				CLANG_WARN_DIRECT_OBJC_ISA_USAGE = YES_ERROR;
				CLANG_WARN_DOCUMENTATION_COMMENTS = YES;
				CLANG_WARN_EMPTY_BODY = YES;
				CLANG_WARN_ENUM_CONVERSION = YES;
				CLANG_WARN_INFINITE_RECURSION = YES;
				CLANG_WARN_INT_CONVERSION = YES;
				CLANG_WARN_NON_LITERAL_NULL_CONVERSION = YES;
				CLANG_WARN_OBJC_IMPLICIT_RETAIN_SELF = YES;
				CLANG_WARN_OBJC_LITERAL_CONVERSION = YES;
				CLANG_WARN_OBJC_ROOT_CLASS = YES_ERROR;
				CLANG_WARN_QUOTED_INCLUDE_IN_FRAMEWORK_HEADER = YES;
				CLANG_WARN_RANGE_LOOP_ANALYSIS = YES;
				CLANG_WARN_STRICT_PROTOTYPES = YES;
				CLANG_WARN_SUSPICIOUS_MOVE = YES;
				CLANG_WARN_UNGUARDED_AVAILABILITY = YES_AGGRESSIVE;
				CLANG_WARN_UNREACHABLE_CODE = YES;
				CLANG_WARN__DUPLICATE_METHOD_MATCH = YES;
				COPY_PHASE_STRIP = NO;
				DEBUG_INFORMATION_FORMAT = dwarf;
				ENABLE_STRICT_OBJC_MSGSEND = YES;
				ENABLE_TESTABILITY = YES;
				ENABLE_USER_SCRIPT_SANDBOXING = YES;
				GCC_C_LANGUAGE_STANDARD = gnu17;
				GCC_DYNAMIC_NO_PIC = NO;
				GCC_NO_COMMON_BLOCKS = YES;
				GCC_OPTIMIZATION_LEVEL = 0;
				GCC_PREPROCESSOR_DEFINITIONS = (
					"DEBUG=1",
					"$(inherited)",
				);
				GCC_WARN_64_TO_32_BIT_CONVERSION = YES;
				GCC_WARN_ABOUT_RETURN_TYPE = YES_ERROR;
				GCC_WARN_UNDECLARED_SELECTOR = YES;
				GCC_WARN_UNINITIALIZED_AUTOS = YES_AGGRESSIVE;
				GCC_WARN_UNUSED_FUNCTION = YES;
				GCC_WARN_UNUSED_VARIABLE = YES;
				INFOPLIST_KEY_NSFocusStatusUsageDescription = "";
				INFOPLIST_KEY_UIStatusBarHidden = NO;
				INFOPLIST_KEY_UIStatusBarStyle = UIStatusBarStyleLightContent;
				IPHONEOS_DEPLOYMENT_TARGET = 17.2;
				LOCALIZATION_PREFERS_STRING_CATALOGS = YES;
				MTL_ENABLE_DEBUG_INFO = INCLUDE_SOURCE;
				MTL_FAST_MATH = YES;
				ONLY_ACTIVE_ARCH = YES;
				SDKROOT = iphoneos;
				SWIFT_ACTIVE_COMPILATION_CONDITIONS = "DEBUG $(inherited)";
				SWIFT_OPTIMIZATION_LEVEL = "-Onone";
			};
			name = Debug;
		};
		32CAB9812B6BFB85001ADBA6 /* Release */ = {
			isa = XCBuildConfiguration;
			buildSettings = {
				ALWAYS_SEARCH_USER_PATHS = NO;
				ASSETCATALOG_COMPILER_GENERATE_SWIFT_ASSET_SYMBOL_EXTENSIONS = YES;
				CLANG_ANALYZER_NONNULL = YES;
				CLANG_ANALYZER_NUMBER_OBJECT_CONVERSION = YES_AGGRESSIVE;
				CLANG_CXX_LANGUAGE_STANDARD = "gnu++20";
				CLANG_ENABLE_MODULES = YES;
				CLANG_ENABLE_OBJC_ARC = YES;
				CLANG_ENABLE_OBJC_WEAK = YES;
				CLANG_WARN_BLOCK_CAPTURE_AUTORELEASING = YES;
				CLANG_WARN_BOOL_CONVERSION = YES;
				CLANG_WARN_COMMA = YES;
				CLANG_WARN_CONSTANT_CONVERSION = YES;
				CLANG_WARN_DEPRECATED_OBJC_IMPLEMENTATIONS = YES;
				CLANG_WARN_DIRECT_OBJC_ISA_USAGE = YES_ERROR;
				CLANG_WARN_DOCUMENTATION_COMMENTS = YES;
				CLANG_WARN_EMPTY_BODY = YES;
				CLANG_WARN_ENUM_CONVERSION = YES;
				CLANG_WARN_INFINITE_RECURSION = YES;
				CLANG_WARN_INT_CONVERSION = YES;
				CLANG_WARN_NON_LITERAL_NULL_CONVERSION = YES;
				CLANG_WARN_OBJC_IMPLICIT_RETAIN_SELF = YES;
				CLANG_WARN_OBJC_LITERAL_CONVERSION = YES;
				CLANG_WARN_OBJC_ROOT_CLASS = YES_ERROR;
				CLANG_WARN_QUOTED_INCLUDE_IN_FRAMEWORK_HEADER = YES;
				CLANG_WARN_RANGE_LOOP_ANALYSIS = YES;
				CLANG_WARN_STRICT_PROTOTYPES = YES;
				CLANG_WARN_SUSPICIOUS_MOVE = YES;
				CLANG_WARN_UNGUARDED_AVAILABILITY = YES_AGGRESSIVE;
				CLANG_WARN_UNREACHABLE_CODE = YES;
				CLANG_WARN__DUPLICATE_METHOD_MATCH = YES;
				COPY_PHASE_STRIP = NO;
				DEBUG_INFORMATION_FORMAT = "dwarf-with-dsym";
				ENABLE_NS_ASSERTIONS = NO;
				ENABLE_STRICT_OBJC_MSGSEND = YES;
				ENABLE_USER_SCRIPT_SANDBOXING = YES;
				GCC_C_LANGUAGE_STANDARD = gnu17;
				GCC_NO_COMMON_BLOCKS = YES;
				GCC_WARN_64_TO_32_BIT_CONVERSION = YES;
				GCC_WARN_ABOUT_RETURN_TYPE = YES_ERROR;
				GCC_WARN_UNDECLARED_SELECTOR = YES;
				GCC_WARN_UNINITIALIZED_AUTOS = YES_AGGRESSIVE;
				GCC_WARN_UNUSED_FUNCTION = YES;
				GCC_WARN_UNUSED_VARIABLE = YES;
				INFOPLIST_KEY_UIStatusBarHidden = NO;
				INFOPLIST_KEY_UIStatusBarStyle = UIStatusBarStyleLightContent;
				IPHONEOS_DEPLOYMENT_TARGET = 17.2;
				LOCALIZATION_PREFERS_STRING_CATALOGS = YES;
				MTL_ENABLE_DEBUG_INFO = NO;
				MTL_FAST_MATH = YES;
				SDKROOT = iphoneos;
				SWIFT_COMPILATION_MODE = wholemodule;
				VALIDATE_PRODUCT = YES;
			};
			name = Release;
		};
		32CAB9832B6BFB85001ADBA6 /* Debug */ = {
			isa = XCBuildConfiguration;
			buildSettings = {
				ASSETCATALOG_COMPILER_APPICON_NAME = AppIcon;
				ASSETCATALOG_COMPILER_GLOBAL_ACCENT_COLOR_NAME = AccentColor;
				CODE_SIGN_STYLE = Automatic;
				CURRENT_PROJECT_VERSION = 1;
				DEVELOPMENT_TEAM = D78D5HC457;
				GENERATE_INFOPLIST_FILE = YES;
				INFOPLIST_FILE = ImageFeed/Info.plist;
				INFOPLIST_KEY_NSFocusStatusUsageDescription = "";
				INFOPLIST_KEY_UIApplicationSupportsIndirectInputEvents = YES;
				INFOPLIST_KEY_UILaunchStoryboardName = LaunchScreen;
				INFOPLIST_KEY_UIMainStoryboardFile = Main;
				INFOPLIST_KEY_UIStatusBarHidden = NO;
				INFOPLIST_KEY_UIStatusBarStyle = UIStatusBarStyleLightContent;
				INFOPLIST_KEY_UISupportedInterfaceOrientations = UIInterfaceOrientationPortrait;
				INFOPLIST_KEY_UISupportedInterfaceOrientations_iPad = "UIInterfaceOrientationLandscapeLeft UIInterfaceOrientationLandscapeRight UIInterfaceOrientationPortrait UIInterfaceOrientationPortraitUpsideDown";
				IPHONEOS_DEPLOYMENT_TARGET = 13.0;
				LD_RUNPATH_SEARCH_PATHS = (
					"$(inherited)",
					"@executable_path/Frameworks",
				);
				MARKETING_VERSION = 1.0;
				PRODUCT_BUNDLE_IDENTIFIER = Menshikov.Dmitriy.ImageFeed;
				PRODUCT_NAME = "$(TARGET_NAME)";
				SUPPORTED_PLATFORMS = "iphoneos iphonesimulator";
				SUPPORTS_MACCATALYST = NO;
				SUPPORTS_MAC_DESIGNED_FOR_IPHONE_IPAD = NO;
				SUPPORTS_XR_DESIGNED_FOR_IPHONE_IPAD = NO;
				SWIFT_EMIT_LOC_STRINGS = YES;
				SWIFT_VERSION = 5.0;
				TARGETED_DEVICE_FAMILY = 1;
			};
			name = Debug;
		};
		32CAB9842B6BFB85001ADBA6 /* Release */ = {
			isa = XCBuildConfiguration;
			buildSettings = {
				ASSETCATALOG_COMPILER_APPICON_NAME = AppIcon;
				ASSETCATALOG_COMPILER_GLOBAL_ACCENT_COLOR_NAME = AccentColor;
				CODE_SIGN_STYLE = Automatic;
				CURRENT_PROJECT_VERSION = 1;
				DEVELOPMENT_TEAM = D78D5HC457;
				GENERATE_INFOPLIST_FILE = YES;
				INFOPLIST_FILE = ImageFeed/Info.plist;
				INFOPLIST_KEY_NSFocusStatusUsageDescription = "";
				INFOPLIST_KEY_UIApplicationSupportsIndirectInputEvents = YES;
				INFOPLIST_KEY_UILaunchStoryboardName = LaunchScreen;
				INFOPLIST_KEY_UIMainStoryboardFile = Main;
				INFOPLIST_KEY_UIStatusBarHidden = NO;
				INFOPLIST_KEY_UIStatusBarStyle = UIStatusBarStyleLightContent;
				INFOPLIST_KEY_UISupportedInterfaceOrientations = UIInterfaceOrientationPortrait;
				INFOPLIST_KEY_UISupportedInterfaceOrientations_iPad = "UIInterfaceOrientationLandscapeLeft UIInterfaceOrientationLandscapeRight UIInterfaceOrientationPortrait UIInterfaceOrientationPortraitUpsideDown";
				IPHONEOS_DEPLOYMENT_TARGET = 13.0;
				LD_RUNPATH_SEARCH_PATHS = (
					"$(inherited)",
					"@executable_path/Frameworks",
				);
				MARKETING_VERSION = 1.0;
				PRODUCT_BUNDLE_IDENTIFIER = Menshikov.Dmitriy.ImageFeed;
				PRODUCT_NAME = "$(TARGET_NAME)";
				SUPPORTED_PLATFORMS = "iphoneos iphonesimulator";
				SUPPORTS_MACCATALYST = NO;
				SUPPORTS_MAC_DESIGNED_FOR_IPHONE_IPAD = NO;
				SUPPORTS_XR_DESIGNED_FOR_IPHONE_IPAD = NO;
				SWIFT_EMIT_LOC_STRINGS = YES;
				SWIFT_VERSION = 5.0;
				TARGETED_DEVICE_FAMILY = 1;
			};
			name = Release;
		};
/* End XCBuildConfiguration section */

/* Begin XCConfigurationList section */
		320640E82BDB80B300D9566D /* Build configuration list for PBXNativeTarget "ImageFeedTests" */ = {
			isa = XCConfigurationList;
			buildConfigurations = (
				320640E92BDB80B300D9566D /* Debug */,
				320640EA2BDB80B300D9566D /* Release */,
			);
			defaultConfigurationIsVisible = 0;
			defaultConfigurationName = Release;
		};
		32CAB9692B6BFB76001ADBA6 /* Build configuration list for PBXProject "ImageFeed" */ = {
			isa = XCConfigurationList;
			buildConfigurations = (
				32CAB9802B6BFB85001ADBA6 /* Debug */,
				32CAB9812B6BFB85001ADBA6 /* Release */,
			);
			defaultConfigurationIsVisible = 0;
			defaultConfigurationName = Release;
		};
		32CAB9822B6BFB85001ADBA6 /* Build configuration list for PBXNativeTarget "ImageFeed" */ = {
			isa = XCConfigurationList;
			buildConfigurations = (
				32CAB9832B6BFB85001ADBA6 /* Debug */,
				32CAB9842B6BFB85001ADBA6 /* Release */,
			);
			defaultConfigurationIsVisible = 0;
			defaultConfigurationName = Release;
		};
/* End XCConfigurationList section */

/* Begin XCRemoteSwiftPackageReference section */
		3275662D2BA7559A00131155 /* XCRemoteSwiftPackageReference "ProgressHUD" */ = {
			isa = XCRemoteSwiftPackageReference;
			repositoryURL = "https://github.com/relatedcode/ProgressHUD";
			requirement = {
				kind = exactVersion;
				version = 14.1.1;
			};
		};
		3275663E2BB0CAD300131155 /* XCRemoteSwiftPackageReference "Kingfisher" */ = {
			isa = XCRemoteSwiftPackageReference;
			repositoryURL = "https://github.com/onevcat/Kingfisher";
			requirement = {
				kind = exactVersion;
				version = 7.11.0;
			};
		};
		327566412BB2CC1800131155 /* XCRemoteSwiftPackageReference "SwiftKeychainWrapper" */ = {
			isa = XCRemoteSwiftPackageReference;
			repositoryURL = "https://github.com/jrendel/SwiftKeychainWrapper";
			requirement = {
				kind = exactVersion;
				version = 4.0.1;
			};
		};
/* End XCRemoteSwiftPackageReference section */

/* Begin XCSwiftPackageProductDependency section */
		3275662E2BA7559A00131155 /* ProgressHUD */ = {
			isa = XCSwiftPackageProductDependency;
			package = 3275662D2BA7559A00131155 /* XCRemoteSwiftPackageReference "ProgressHUD" */;
			productName = ProgressHUD;
		};
		3275663F2BB0CAD300131155 /* Kingfisher */ = {
			isa = XCSwiftPackageProductDependency;
			package = 3275663E2BB0CAD300131155 /* XCRemoteSwiftPackageReference "Kingfisher" */;
			productName = Kingfisher;
		};
		327566422BB2CC1800131155 /* SwiftKeychainWrapper */ = {
			isa = XCSwiftPackageProductDependency;
			package = 327566412BB2CC1800131155 /* XCRemoteSwiftPackageReference "SwiftKeychainWrapper" */;
			productName = SwiftKeychainWrapper;
		};
/* End XCSwiftPackageProductDependency section */
	};
	rootObject = 32CAB9662B6BFB76001ADBA6 /* Project object */;
}
